
Microsoft Visual Studio Solution File, Format Version 12.00
# Visual Studio Version 17
VisualStudioVersion = 17.0.31612.314
MinimumVisualStudioVersion = 10.0.40219.1
Project("{FAE04EC0-301F-11D3-BF4B-00C04F79EFBC}") = "ExceptionHandlingMiddleware", "ExceptionHandlingMiddleware.csproj", "{1F00A1A8-84CA-454C-BE1D-3180424C72E3}"
EndProject
Global
	GlobalSection(SolutionConfigurationPlatforms) = preSolution
		Debug|Any CPU = Debug|Any CPU
		Release|Any CPU = Release|Any CPU
	EndGlobalSection
	GlobalSection(ProjectConfigurationPlatforms) = postSolution
		{1F00A1A8-84CA-454C-BE1D-3180424C72E3}.Debug|Any CPU.ActiveCfg = Debug|Any CPU
		{1F00A1A8-84CA-454C-BE1D-3180424C72E3}.Debug|Any CPU.Build.0 = Debug|Any CPU
		{1F00A1A8-84CA-454C-BE1D-3180424C72E3}.Release|Any CPU.ActiveCfg = Release|Any CPU
		{1F00A1A8-84CA-454C-BE1D-3180424C72E3}.Release|Any CPU.Build.0 = Release|Any CPU
	EndGlobalSection
	GlobalSection(SolutionProperties) = preSolution
		HideSolutionNode = FALSE
	EndGlobalSection
	GlobalSection(ExtensibilityGlobals) = postSolution
		SolutionGuid = {6F648917-1400-43E6-BDB9-85E321E45412}
	EndGlobalSection
EndGlobal
